// !$*UTF8*$!
{
	archiveVersion = 1;
	classes = {
	};
	objectVersion = 46;
	objects = {

/* Begin PBXBuildFile section */
		B0600514AE5BF1A7BA94B5E4 /* libPods-GeoHex-ObjectiveC-CrashSample.a in Frameworks */ = {isa = PBXBuildFile; fileRef = AF9C48862EF178638204D984 /* libPods-GeoHex-ObjectiveC-CrashSample.a */; };
		F19A3D341B2A8F0600D3BF0C /* main.m in Sources */ = {isa = PBXBuildFile; fileRef = F19A3D331B2A8F0600D3BF0C /* main.m */; };
		F19A3D371B2A8F0600D3BF0C /* AppDelegate.m in Sources */ = {isa = PBXBuildFile; fileRef = F19A3D361B2A8F0600D3BF0C /* AppDelegate.m */; };
		F19A3D3A1B2A8F0600D3BF0C /* ViewController.m in Sources */ = {isa = PBXBuildFile; fileRef = F19A3D391B2A8F0600D3BF0C /* ViewController.m */; settings = {COMPILER_FLAGS = "-fno-objc-arc"; }; };
		F19A3D3D1B2A8F0600D3BF0C /* Main.storyboard in Resources */ = {isa = PBXBuildFile; fileRef = F19A3D3B1B2A8F0600D3BF0C /* Main.storyboard */; };
		F19A3D3F1B2A8F0600D3BF0C /* Images.xcassets in Resources */ = {isa = PBXBuildFile; fileRef = F19A3D3E1B2A8F0600D3BF0C /* Images.xcassets */; };
		F19A3D421B2A8F0600D3BF0C /* LaunchScreen.xib in Resources */ = {isa = PBXBuildFile; fileRef = F19A3D401B2A8F0600D3BF0C /* LaunchScreen.xib */; };
		F19A3D4E1B2A8F0600D3BF0C /* GeoHex_ObjectiveC_CrashSampleTests.m in Sources */ = {isa = PBXBuildFile; fileRef = F19A3D4D1B2A8F0600D3BF0C /* GeoHex_ObjectiveC_CrashSampleTests.m */; };
/* End PBXBuildFile section */

/* Begin PBXContainerItemProxy section */
		F19A3D481B2A8F0600D3BF0C /* PBXContainerItemProxy */ = {
			isa = PBXContainerItemProxy;
			containerPortal = F19A3D261B2A8F0600D3BF0C /* Project object */;
			proxyType = 1;
			remoteGlobalIDString = F19A3D2D1B2A8F0600D3BF0C;
			remoteInfo = "GeoHex-ObjectiveC-CrashSample";
		};
/* End PBXContainerItemProxy section */

/* Begin PBXFileReference section */
		199D4418B0CD3C7DCCC87BC6 /* Pods-GeoHex-ObjectiveC-CrashSample.debug.xcconfig */ = {isa = PBXFileReference; includeInIndex = 1; lastKnownFileType = text.xcconfig; name = "Pods-GeoHex-ObjectiveC-CrashSample.debug.xcconfig"; path = "Pods/Target Support Files/Pods-GeoHex-ObjectiveC-CrashSample/Pods-GeoHex-ObjectiveC-CrashSample.debug.xcconfig"; sourceTree = "<group>"; };
		93911554821DAFEDD1EF6540 /* Pods-GeoHex-ObjectiveC-CrashSample.release.xcconfig */ = {isa = PBXFileReference; includeInIndex = 1; lastKnownFileType = text.xcconfig; name = "Pods-GeoHex-ObjectiveC-CrashSample.release.xcconfig"; path = "Pods/Target Support Files/Pods-GeoHex-ObjectiveC-CrashSample/Pods-GeoHex-ObjectiveC-CrashSample.release.xcconfig"; sourceTree = "<group>"; };
		AF9C48862EF178638204D984 /* libPods-GeoHex-ObjectiveC-CrashSample.a */ = {isa = PBXFileReference; explicitFileType = archive.ar; includeInIndex = 0; path = "libPods-GeoHex-ObjectiveC-CrashSample.a"; sourceTree = BUILT_PRODUCTS_DIR; };
		F19A3D2E1B2A8F0600D3BF0C /* GeoHex-ObjectiveC-CrashSample.app */ = {isa = PBXFileReference; explicitFileType = wrapper.application; includeInIndex = 0; path = "GeoHex-ObjectiveC-CrashSample.app"; sourceTree = BUILT_PRODUCTS_DIR; };
		F19A3D321B2A8F0600D3BF0C /* Info.plist */ = {isa = PBXFileReference; lastKnownFileType = text.plist.xml; path = Info.plist; sourceTree = "<group>"; };
		F19A3D331B2A8F0600D3BF0C /* main.m */ = {isa = PBXFileReference; lastKnownFileType = sourcecode.c.objc; path = main.m; sourceTree = "<group>"; };
		F19A3D351B2A8F0600D3BF0C /* AppDelegate.h */ = {isa = PBXFileReference; lastKnownFileType = sourcecode.c.h; path = AppDelegate.h; sourceTree = "<group>"; };
		F19A3D361B2A8F0600D3BF0C /* AppDelegate.m */ = {isa = PBXFileReference; lastKnownFileType = sourcecode.c.objc; path = AppDelegate.m; sourceTree = "<group>"; };
		F19A3D381B2A8F0600D3BF0C /* ViewController.h */ = {isa = PBXFileReference; lastKnownFileType = sourcecode.c.h; path = ViewController.h; sourceTree = "<group>"; };
		F19A3D391B2A8F0600D3BF0C /* ViewController.m */ = {isa = PBXFileReference; lastKnownFileType = sourcecode.c.objc; path = ViewController.m; sourceTree = "<group>"; };
		F19A3D3C1B2A8F0600D3BF0C /* Base */ = {isa = PBXFileReference; lastKnownFileType = file.storyboard; name = Base; path = Base.lproj/Main.storyboard; sourceTree = "<group>"; };
		F19A3D3E1B2A8F0600D3BF0C /* Images.xcassets */ = {isa = PBXFileReference; lastKnownFileType = folder.assetcatalog; path = Images.xcassets; sourceTree = "<group>"; };
		F19A3D411B2A8F0600D3BF0C /* Base */ = {isa = PBXFileReference; lastKnownFileType = file.xib; name = Base; path = Base.lproj/LaunchScreen.xib; sourceTree = "<group>"; };
		F19A3D471B2A8F0600D3BF0C /* GeoHex-ObjectiveC-CrashSampleTests.xctest */ = {isa = PBXFileReference; explicitFileType = wrapper.cfbundle; includeInIndex = 0; path = "GeoHex-ObjectiveC-CrashSampleTests.xctest"; sourceTree = BUILT_PRODUCTS_DIR; };
		F19A3D4C1B2A8F0600D3BF0C /* Info.plist */ = {isa = PBXFileReference; lastKnownFileType = text.plist.xml; path = Info.plist; sourceTree = "<group>"; };
		F19A3D4D1B2A8F0600D3BF0C /* GeoHex_ObjectiveC_CrashSampleTests.m */ = {isa = PBXFileReference; lastKnownFileType = sourcecode.c.objc; path = GeoHex_ObjectiveC_CrashSampleTests.m; sourceTree = "<group>"; };
/* End PBXFileReference section */

/* Begin PBXFrameworksBuildPhase section */
		F19A3D2B1B2A8F0600D3BF0C /* Frameworks */ = {
			isa = PBXFrameworksBuildPhase;
			buildActionMask = 2147483647;
			files = (
				B0600514AE5BF1A7BA94B5E4 /* libPods-GeoHex-ObjectiveC-CrashSample.a in Frameworks */,
			);
			runOnlyForDeploymentPostprocessing = 0;
		};
		F19A3D441B2A8F0600D3BF0C /* Frameworks */ = {
			isa = PBXFrameworksBuildPhase;
			buildActionMask = 2147483647;
			files = (
			);
			runOnlyForDeploymentPostprocessing = 0;
		};
/* End PBXFrameworksBuildPhase section */

/* Begin PBXGroup section */
		12861A4A6677E0ADDD2A3AAF /* Frameworks */ = {
			isa = PBXGroup;
			children = (
				AF9C48862EF178638204D984 /* libPods-GeoHex-ObjectiveC-CrashSample.a */,
			);
			name = Frameworks;
			sourceTree = "<group>";
		};
		5C813B0A25651C5FF34780DB /* Pods */ = {
			isa = PBXGroup;
			children = (
				199D4418B0CD3C7DCCC87BC6 /* Pods-GeoHex-ObjectiveC-CrashSample.debug.xcconfig */,
				93911554821DAFEDD1EF6540 /* Pods-GeoHex-ObjectiveC-CrashSample.release.xcconfig */,
			);
			name = Pods;
			sourceTree = "<group>";
		};
		F19A3D251B2A8F0600D3BF0C = {
			isa = PBXGroup;
			children = (
				F19A3D301B2A8F0600D3BF0C /* GeoHex-ObjectiveC-CrashSample */,
				F19A3D4A1B2A8F0600D3BF0C /* GeoHex-ObjectiveC-CrashSampleTests */,
				F19A3D2F1B2A8F0600D3BF0C /* Products */,
				5C813B0A25651C5FF34780DB /* Pods */,
				12861A4A6677E0ADDD2A3AAF /* Frameworks */,
			);
			sourceTree = "<group>";
		};
		F19A3D2F1B2A8F0600D3BF0C /* Products */ = {
			isa = PBXGroup;
			children = (
				F19A3D2E1B2A8F0600D3BF0C /* GeoHex-ObjectiveC-CrashSample.app */,
				F19A3D471B2A8F0600D3BF0C /* GeoHex-ObjectiveC-CrashSampleTests.xctest */,
			);
			name = Products;
			sourceTree = "<group>";
		};
		F19A3D301B2A8F0600D3BF0C /* GeoHex-ObjectiveC-CrashSample */ = {
			isa = PBXGroup;
			children = (
				F19A3D351B2A8F0600D3BF0C /* AppDelegate.h */,
				F19A3D361B2A8F0600D3BF0C /* AppDelegate.m */,
				F19A3D381B2A8F0600D3BF0C /* ViewController.h */,
				F19A3D391B2A8F0600D3BF0C /* ViewController.m */,
				F19A3D3B1B2A8F0600D3BF0C /* Main.storyboard */,
				F19A3D3E1B2A8F0600D3BF0C /* Images.xcassets */,
				F19A3D401B2A8F0600D3BF0C /* LaunchScreen.xib */,
				F19A3D311B2A8F0600D3BF0C /* Supporting Files */,
			);
			path = "GeoHex-ObjectiveC-CrashSample";
			sourceTree = "<group>";
		};
		F19A3D311B2A8F0600D3BF0C /* Supporting Files */ = {
			isa = PBXGroup;
			children = (
				F19A3D321B2A8F0600D3BF0C /* Info.plist */,
				F19A3D331B2A8F0600D3BF0C /* main.m */,
			);
			name = "Supporting Files";
			sourceTree = "<group>";
		};
		F19A3D4A1B2A8F0600D3BF0C /* GeoHex-ObjectiveC-CrashSampleTests */ = {
			isa = PBXGroup;
			children = (
				F19A3D4D1B2A8F0600D3BF0C /* GeoHex_ObjectiveC_CrashSampleTests.m */,
				F19A3D4B1B2A8F0600D3BF0C /* Supporting Files */,
			);
			path = "GeoHex-ObjectiveC-CrashSampleTests";
			sourceTree = "<group>";
		};
		F19A3D4B1B2A8F0600D3BF0C /* Supporting Files */ = {
			isa = PBXGroup;
			children = (
				F19A3D4C1B2A8F0600D3BF0C /* Info.plist */,
			);
			name = "Supporting Files";
			sourceTree = "<group>";
		};
/* End PBXGroup section */

/* Begin PBXNativeTarget section */
		F19A3D2D1B2A8F0600D3BF0C /* GeoHex-ObjectiveC-CrashSample */ = {
			isa = PBXNativeTarget;
			buildConfigurationList = F19A3D511B2A8F0600D3BF0C /* Build configuration list for PBXNativeTarget "GeoHex-ObjectiveC-CrashSample" */;
			buildPhases = (
				6FD450F79A7D66D8A3EF80A4 /* Check Pods Manifest.lock */,
				F19A3D2A1B2A8F0600D3BF0C /* Sources */,
				F19A3D2B1B2A8F0600D3BF0C /* Frameworks */,
				F19A3D2C1B2A8F0600D3BF0C /* Resources */,
				02726C62EC5A66EA84DDD089 /* Copy Pods Resources */,
			);
			buildRules = (
			);
			dependencies = (
			);
			name = "GeoHex-ObjectiveC-CrashSample";
			productName = "GeoHex-ObjectiveC-CrashSample";
			productReference = F19A3D2E1B2A8F0600D3BF0C /* GeoHex-ObjectiveC-CrashSample.app */;
			productType = "com.apple.product-type.application";
		};
		F19A3D461B2A8F0600D3BF0C /* GeoHex-ObjectiveC-CrashSampleTests */ = {
			isa = PBXNativeTarget;
			buildConfigurationList = F19A3D541B2A8F0600D3BF0C /* Build configuration list for PBXNativeTarget "GeoHex-ObjectiveC-CrashSampleTests" */;
			buildPhases = (
				F19A3D431B2A8F0600D3BF0C /* Sources */,
				F19A3D441B2A8F0600D3BF0C /* Frameworks */,
				F19A3D451B2A8F0600D3BF0C /* Resources */,
			);
			buildRules = (
			);
			dependencies = (
				F19A3D491B2A8F0600D3BF0C /* PBXTargetDependency */,
			);
			name = "GeoHex-ObjectiveC-CrashSampleTests";
			productName = "GeoHex-ObjectiveC-CrashSampleTests";
			productReference = F19A3D471B2A8F0600D3BF0C /* GeoHex-ObjectiveC-CrashSampleTests.xctest */;
			productType = "com.apple.product-type.bundle.unit-test";
		};
/* End PBXNativeTarget section */

/* Begin PBXProject section */
		F19A3D261B2A8F0600D3BF0C /* Project object */ = {
			isa = PBXProject;
			attributes = {
				LastUpgradeCheck = 0630;
				ORGANIZATIONNAME = Mihyaeru;
				TargetAttributes = {
					F19A3D2D1B2A8F0600D3BF0C = {
						CreatedOnToolsVersion = 6.3.2;
					};
					F19A3D461B2A8F0600D3BF0C = {
						CreatedOnToolsVersion = 6.3.2;
						TestTargetID = F19A3D2D1B2A8F0600D3BF0C;
					};
				};
			};
			buildConfigurationList = F19A3D291B2A8F0600D3BF0C /* Build configuration list for PBXProject "GeoHex-ObjectiveC-CrashSample" */;
			compatibilityVersion = "Xcode 3.2";
			developmentRegion = English;
			hasScannedForEncodings = 0;
			knownRegions = (
				en,
				Base,
			);
			mainGroup = F19A3D251B2A8F0600D3BF0C;
			productRefGroup = F19A3D2F1B2A8F0600D3BF0C /* Products */;
			projectDirPath = "";
			projectRoot = "";
			targets = (
				F19A3D2D1B2A8F0600D3BF0C /* GeoHex-ObjectiveC-CrashSample */,
				F19A3D461B2A8F0600D3BF0C /* GeoHex-ObjectiveC-CrashSampleTests */,
			);
		};
/* End PBXProject section */

/* Begin PBXResourcesBuildPhase section */
		F19A3D2C1B2A8F0600D3BF0C /* Resources */ = {
			isa = PBXResourcesBuildPhase;
			buildActionMask = 2147483647;
			files = (
				F19A3D3D1B2A8F0600D3BF0C /* Main.storyboard in Resources */,
				F19A3D421B2A8F0600D3BF0C /* LaunchScreen.xib in Resources */,
				F19A3D3F1B2A8F0600D3BF0C /* Images.xcassets in Resources */,
			);
			runOnlyForDeploymentPostprocessing = 0;
		};
		F19A3D451B2A8F0600D3BF0C /* Resources */ = {
			isa = PBXResourcesBuildPhase;
			buildActionMask = 2147483647;
			files = (
			);
			runOnlyForDeploymentPostprocessing = 0;
		};
/* End PBXResourcesBuildPhase section */

/* Begin PBXShellScriptBuildPhase section */
		02726C62EC5A66EA84DDD089 /* Copy Pods Resources */ = {
			isa = PBXShellScriptBuildPhase;
			buildActionMask = 2147483647;
			files = (
			);
			inputPaths = (
			);
			name = "Copy Pods Resources";
			outputPaths = (
			);
			runOnlyForDeploymentPostprocessing = 0;
			shellPath = /bin/sh;
			shellScript = "\"${SRCROOT}/Pods/Target Support Files/Pods-GeoHex-ObjectiveC-CrashSample/Pods-GeoHex-ObjectiveC-CrashSample-resources.sh\"\n";
			showEnvVarsInLog = 0;
		};
		6FD450F79A7D66D8A3EF80A4 /* Check Pods Manifest.lock */ = {
			isa = PBXShellScriptBuildPhase;
			buildActionMask = 2147483647;
			files = (
			);
			inputPaths = (
			);
			name = "Check Pods Manifest.lock";
			outputPaths = (
			);
			runOnlyForDeploymentPostprocessing = 0;
			shellPath = /bin/sh;
			shellScript = "diff \"${PODS_ROOT}/../Podfile.lock\" \"${PODS_ROOT}/Manifest.lock\" > /dev/null\nif [[ $? != 0 ]] ; then\n    cat << EOM\nerror: The sandbox is not in sync with the Podfile.lock. Run 'pod install' or update your CocoaPods installation.\nEOM\n    exit 1\nfi\n";
			showEnvVarsInLog = 0;
		};
/* End PBXShellScriptBuildPhase section */

/* Begin PBXSourcesBuildPhase section */
		F19A3D2A1B2A8F0600D3BF0C /* Sources */ = {
			isa = PBXSourcesBuildPhase;
			buildActionMask = 2147483647;
			files = (
				F19A3D3A1B2A8F0600D3BF0C /* ViewController.m in Sources */,
				F19A3D371B2A8F0600D3BF0C /* AppDelegate.m in Sources */,
				F19A3D341B2A8F0600D3BF0C /* main.m in Sources */,
			);
			runOnlyForDeploymentPostprocessing = 0;
		};
		F19A3D431B2A8F0600D3BF0C /* Sources */ = {
			isa = PBXSourcesBuildPhase;
			buildActionMask = 2147483647;
			files = (
				F19A3D4E1B2A8F0600D3BF0C /* GeoHex_ObjectiveC_CrashSampleTests.m in Sources */,
			);
			runOnlyForDeploymentPostprocessing = 0;
		};
/* End PBXSourcesBuildPhase section */

/* Begin PBXTargetDependency section */
		F19A3D491B2A8F0600D3BF0C /* PBXTargetDependency */ = {
			isa = PBXTargetDependency;
			target = F19A3D2D1B2A8F0600D3BF0C /* GeoHex-ObjectiveC-CrashSample */;
			targetProxy = F19A3D481B2A8F0600D3BF0C /* PBXContainerItemProxy */;
		};
/* End PBXTargetDependency section */

/* Begin PBXVariantGroup section */
		F19A3D3B1B2A8F0600D3BF0C /* Main.storyboard */ = {
			isa = PBXVariantGroup;
			children = (
				F19A3D3C1B2A8F0600D3BF0C /* Base */,
			);
			name = Main.storyboard;
			sourceTree = "<group>";
		};
		F19A3D401B2A8F0600D3BF0C /* LaunchScreen.xib */ = {
			isa = PBXVariantGroup;
			children = (
				F19A3D411B2A8F0600D3BF0C /* Base */,
			);
			name = LaunchScreen.xib;
			sourceTree = "<group>";
		};
/* End PBXVariantGroup section */

/* Begin XCBuildConfiguration section */
		F19A3D4F1B2A8F0600D3BF0C /* Debug */ = {
			isa = XCBuildConfiguration;
			buildSettings = {
				ALWAYS_SEARCH_USER_PATHS = NO;
				CLANG_CXX_LANGUAGE_STANDARD = "gnu++0x";
				CLANG_CXX_LIBRARY = "libc++";
				CLANG_ENABLE_MODULES = YES;
				CLANG_ENABLE_OBJC_ARC = YES;
				CLANG_WARN_BOOL_CONVERSION = YES;
				CLANG_WARN_CONSTANT_CONVERSION = YES;
				CLANG_WARN_DIRECT_OBJC_ISA_USAGE = YES_ERROR;
				CLANG_WARN_EMPTY_BODY = YES;
				CLANG_WARN_ENUM_CONVERSION = YES;
				CLANG_WARN_INT_CONVERSION = YES;
				CLANG_WARN_OBJC_ROOT_CLASS = YES_ERROR;
				CLANG_WARN_UNREACHABLE_CODE = YES;
				CLANG_WARN__DUPLICATE_METHOD_MATCH = YES;
				"CODE_SIGN_IDENTITY[sdk=iphoneos*]" = "iPhone Developer";
				COPY_PHASE_STRIP = NO;
				DEBUG_INFORMATION_FORMAT = "dwarf-with-dsym";
				ENABLE_STRICT_OBJC_MSGSEND = YES;
				GCC_C_LANGUAGE_STANDARD = gnu99;
				GCC_DYNAMIC_NO_PIC = NO;
				GCC_NO_COMMON_BLOCKS = YES;
				GCC_OPTIMIZATION_LEVEL = 0;
				GCC_PREPROCESSOR_DEFINITIONS = (
					"DEBUG=1",
					"$(inherited)",
				);
				GCC_SYMBOLS_PRIVATE_EXTERN = NO;
				GCC_WARN_64_TO_32_BIT_CONVERSION = YES;
				GCC_WARN_ABOUT_RETURN_TYPE = YES_ERROR;
				GCC_WARN_UNDECLARED_SELECTOR = YES;
				GCC_WARN_UNINITIALIZED_AUTOS = YES_AGGRESSIVE;
				GCC_WARN_UNUSED_FUNCTION = YES;
				GCC_WARN_UNUSED_VARIABLE = YES;
				IPHONEOS_DEPLOYMENT_TARGET = 8.3;
				MTL_ENABLE_DEBUG_INFO = YES;
				ONLY_ACTIVE_ARCH = YES;
				SDKROOT = iphoneos;
			};
			name = Debug;
		};
		F19A3D501B2A8F0600D3BF0C /* Release */ = {
			isa = XCBuildConfiguration;
			buildSettings = {
				ALWAYS_SEARCH_USER_PATHS = NO;
				CLANG_CXX_LANGUAGE_STANDARD = "gnu++0x";
				CLANG_CXX_LIBRARY = "libc++";
				CLANG_ENABLE_MODULES = YES;
				CLANG_ENABLE_OBJC_ARC = YES;
				CLANG_WARN_BOOL_CONVERSION = YES;
				CLANG_WARN_CONSTANT_CONVERSION = YES;
				CLANG_WARN_DIRECT_OBJC_ISA_USAGE = YES_ERROR;
				CLANG_WARN_EMPTY_BODY = YES;
				CLANG_WARN_ENUM_CONVERSION = YES;
				CLANG_WARN_INT_CONVERSION = YES;
				CLANG_WARN_OBJC_ROOT_CLASS = YES_ERROR;
				CLANG_WARN_UNREACHABLE_CODE = YES;
				CLANG_WARN__DUPLICATE_METHOD_MATCH = YES;
				"CODE_SIGN_IDENTITY[sdk=iphoneos*]" = "iPhone Developer";
				COPY_PHASE_STRIP = NO;
				DEBUG_INFORMATION_FORMAT = "dwarf-with-dsym";
				ENABLE_NS_ASSERTIONS = NO;
				ENABLE_STRICT_OBJC_MSGSEND = YES;
				GCC_C_LANGUAGE_STANDARD = gnu99;
				GCC_NO_COMMON_BLOCKS = YES;
				GCC_WARN_64_TO_32_BIT_CONVERSION = YES;
				GCC_WARN_ABOUT_RETURN_TYPE = YES_ERROR;
				GCC_WARN_UNDECLARED_SELECTOR = YES;
				GCC_WARN_UNINITIALIZED_AUTOS = YES_AGGRESSIVE;
				GCC_WARN_UNUSED_FUNCTION = YES;
				GCC_WARN_UNUSED_VARIABLE = YES;
				IPHONEOS_DEPLOYMENT_TARGET = 8.3;
				MTL_ENABLE_DEBUG_INFO = NO;
				SDKROOT = iphoneos;
				VALIDATE_PRODUCT = YES;
			};
			name = Release;
		};
		F19A3D521B2A8F0600D3BF0C /* Debug */ = {
			isa = XCBuildConfiguration;
			baseConfigurationReference = 199D4418B0CD3C7DCCC87BC6 /* Pods-GeoHex-ObjectiveC-CrashSample.debug.xcconfig */;
			buildSettings = {
				ASSETCATALOG_COMPILER_APPICON_NAME = AppIcon;
				INFOPLIST_FILE = "GeoHex-ObjectiveC-CrashSample/Info.plist";
				LD_RUNPATH_SEARCH_PATHS = "$(inherited) @executable_path/Frameworks";
				PRODUCT_NAME = "$(TARGET_NAME)";
			};
			name = Debug;
		};
		F19A3D531B2A8F0600D3BF0C /* Release */ = {
			isa = XCBuildConfiguration;
			baseConfigurationReference = 93911554821DAFEDD1EF6540 /* Pods-GeoHex-ObjectiveC-CrashSample.release.xcconfig */;
			buildSettings = {
				ASSETCATALOG_COMPILER_APPICON_NAME = AppIcon;
				INFOPLIST_FILE = "GeoHex-ObjectiveC-CrashSample/Info.plist";
				LD_RUNPATH_SEARCH_PATHS = "$(inherited) @executable_path/Frameworks";
				PRODUCT_NAME = "$(TARGET_NAME)";
			};
			name = Release;
		};
		F19A3D551B2A8F0600D3BF0C /* Debug */ = {
			isa = XCBuildConfiguration;
			buildSettings = {
				BUNDLE_LOADER = "$(TEST_HOST)";
				FRAMEWORK_SEARCH_PATHS = (
					"$(SDKROOT)/Developer/Library/Frameworks",
					"$(inherited)",
				);
				GCC_PREPROCESSOR_DEFINITIONS = (
					"DEBUG=1",
					"$(inherited)",
				);
				INFOPLIST_FILE = "GeoHex-ObjectiveC-CrashSampleTests/Info.plist";
				LD_RUNPATH_SEARCH_PATHS = "$(inherited) @executable_path/Frameworks @loader_path/Frameworks";
				PRODUCT_NAME = "$(TARGET_NAME)";
				TEST_HOST = "$(BUILT_PRODUCTS_DIR)/GeoHex-ObjectiveC-CrashSample.app/GeoHex-ObjectiveC-CrashSample";
			};
			name = Debug;
		};
		F19A3D561B2A8F0600D3BF0C /* Release */ = {
			isa = XCBuildConfiguration;
			buildSettings = {
				BUNDLE_LOADER = "$(TEST_HOST)";
				FRAMEWORK_SEARCH_PATHS = (
					"$(SDKROOT)/Developer/Library/Frameworks",
					"$(inherited)",
				);
				INFOPLIST_FILE = "GeoHex-ObjectiveC-CrashSampleTests/Info.plist";
				LD_RUNPATH_SEARCH_PATHS = "$(inherited) @executable_path/Frameworks @loader_path/Frameworks";
				PRODUCT_NAME = "$(TARGET_NAME)";
				TEST_HOST = "$(BUILT_PRODUCTS_DIR)/GeoHex-ObjectiveC-CrashSample.app/GeoHex-ObjectiveC-CrashSample";
			};
			name = Release;
		};
/* End XCBuildConfiguration section */

/* Begin XCConfigurationList section */
		F19A3D291B2A8F0600D3BF0C /* Build configuration list for PBXProject "GeoHex-ObjectiveC-CrashSample" */ = {
			isa = XCConfigurationList;
			buildConfigurations = (
				F19A3D4F1B2A8F0600D3BF0C /* Debug */,
				F19A3D501B2A8F0600D3BF0C /* Release */,
			);
			defaultConfigurationIsVisible = 0;
			defaultConfigurationName = Release;
		};
		F19A3D511B2A8F0600D3BF0C /* Build configuration list for PBXNativeTarget "GeoHex-ObjectiveC-CrashSample" */ = {
			isa = XCConfigurationList;
			buildConfigurations = (
				F19A3D521B2A8F0600D3BF0C /* Debug */,
				F19A3D531B2A8F0600D3BF0C /* Release */,
			);
			defaultConfigurationIsVisible = 0;
			defaultConfigurationName = Release;
		};
		F19A3D541B2A8F0600D3BF0C /* Build configuration list for PBXNativeTarget "GeoHex-ObjectiveC-CrashSampleTests" */ = {
			isa = XCConfigurationList;
			buildConfigurations = (
				F19A3D551B2A8F0600D3BF0C /* Debug */,
				F19A3D561B2A8F0600D3BF0C /* Release */,
			);
			defaultConfigurationIsVisible = 0;
			defaultConfigurationName = Release;
		};
/* End XCConfigurationList section */
	};
	rootObject = F19A3D261B2A8F0600D3BF0C /* Project object */;
}
